
Microsoft Visual Studio Solution File, Format Version 12.00
# Visual Studio Version 17
VisualStudioVersion = 17.5.33424.131
MinimumVisualStudioVersion = 10.0.40219.1
Project("{FAE04EC0-301F-11D3-BF4B-00C04F79EFBC}") = "KenparkAPI", "KenparkAPI\KenparkAPI.csproj", "{5B5FFBEF-89D6-4B22-9441-01178A479FF4}"
EndProject
Project("{FAE04EC0-301F-11D3-BF4B-00C04F79EFBC}") = "KenparkUI", "KenparkUI\KenparkUI.csproj", "{D32B3FA0-F543-4782-8025-AD12B6CDB5BB}"
EndProject
Project("{FAE04EC0-301F-11D3-BF4B-00C04F79EFBC}") = "KenparyWinforms", "KenparyWinforms\KenparyWinforms.csproj", "{9146A283-E1E7-49E1-8D67-D83AD3D44CD9}"
EndProject
Global
	GlobalSection(SolutionConfigurationPlatforms) = preSolution
		Debug|Any CPU = Debug|Any CPU
		Release|Any CPU = Release|Any CPU
	EndGlobalSection
	GlobalSection(ProjectConfigurationPlatforms) = postSolution
		{5B5FFBEF-89D6-4B22-9441-01178A479FF4}.Debug|Any CPU.ActiveCfg = Debug|Any CPU
		{5B5FFBEF-89D6-4B22-9441-01178A479FF4}.Debug|Any CPU.Build.0 = Debug|Any CPU
		{5B5FFBEF-89D6-4B22-9441-01178A479FF4}.Release|Any CPU.ActiveCfg = Release|Any CPU
		{5B5FFBEF-89D6-4B22-9441-01178A479FF4}.Release|Any CPU.Build.0 = Release|Any CPU
		{D32B3FA0-F543-4782-8025-AD12B6CDB5BB}.Debug|Any CPU.ActiveCfg = Debug|Any CPU
		{D32B3FA0-F543-4782-8025-AD12B6CDB5BB}.Debug|Any CPU.Build.0 = Debug|Any CPU
		{D32B3FA0-F543-4782-8025-AD12B6CDB5BB}.Release|Any CPU.ActiveCfg = Release|Any CPU
		{D32B3FA0-F543-4782-8025-AD12B6CDB5BB}.Release|Any CPU.Build.0 = Release|Any CPU
		{9146A283-E1E7-49E1-8D67-D83AD3D44CD9}.Debug|Any CPU.ActiveCfg = Debug|Any CPU
		{9146A283-E1E7-49E1-8D67-D83AD3D44CD9}.Debug|Any CPU.Build.0 = Debug|Any CPU
		{9146A283-E1E7-49E1-8D67-D83AD3D44CD9}.Release|Any CPU.ActiveCfg = Release|Any CPU
		{9146A283-E1E7-49E1-8D67-D83AD3D44CD9}.Release|Any CPU.Build.0 = Release|Any CPU
	EndGlobalSection
	GlobalSection(SolutionProperties) = preSolution
		HideSolutionNode = FALSE
	EndGlobalSection
	GlobalSection(ExtensibilityGlobals) = postSolution
		SolutionGuid = {F80EB98C-0BB1-4EC3-9943-1D340271A938}
	EndGlobalSection
EndGlobal
